// !$*UTF8*$!
{
	archiveVersion = 1;
	classes = {
	};
	objectVersion = 46;
	objects = {

/* Begin PBXBuildFile section */
		9B69B34B1E0943FD0087FC30 /* AppDelegate.swift in Sources */ = {isa = PBXBuildFile; fileRef = 9B69B34A1E0943FD0087FC30 /* AppDelegate.swift */; };
		9B69B34D1E0943FD0087FC30 /* ViewController.swift in Sources */ = {isa = PBXBuildFile; fileRef = 9B69B34C1E0943FD0087FC30 /* ViewController.swift */; };
		9B69B3501E0943FD0087FC30 /* Main.storyboard in Resources */ = {isa = PBXBuildFile; fileRef = 9B69B34E1E0943FD0087FC30 /* Main.storyboard */; };
		9B69B3521E0943FD0087FC30 /* Assets.xcassets in Resources */ = {isa = PBXBuildFile; fileRef = 9B69B3511E0943FD0087FC30 /* Assets.xcassets */; };
		9B69B3551E0943FD0087FC30 /* LaunchScreen.storyboard in Resources */ = {isa = PBXBuildFile; fileRef = 9B69B3531E0943FD0087FC30 /* LaunchScreen.storyboard */; };
		9B69B3631E0944700087FC30 /* PasscodeLabel.swift in Sources */ = {isa = PBXBuildFile; fileRef = 9B69B3611E0944700087FC30 /* PasscodeLabel.swift */; };
		9B69B3641E0944700087FC30 /* PasscodeView.swift in Sources */ = {isa = PBXBuildFile; fileRef = 9B69B3621E0944700087FC30 /* PasscodeView.swift */; };
/* End PBXBuildFile section */

/* Begin PBXFileReference section */
		9B69B3471E0943FD0087FC30 /* PasscodeView.app */ = {isa = PBXFileReference; explicitFileType = wrapper.application; includeInIndex = 0; path = PasscodeView.app; sourceTree = BUILT_PRODUCTS_DIR; };
		9B69B34A1E0943FD0087FC30 /* AppDelegate.swift */ = {isa = PBXFileReference; lastKnownFileType = sourcecode.swift; path = AppDelegate.swift; sourceTree = "<group>"; };
		9B69B34C1E0943FD0087FC30 /* ViewController.swift */ = {isa = PBXFileReference; lastKnownFileType = sourcecode.swift; path = ViewController.swift; sourceTree = "<group>"; };
		9B69B34F1E0943FD0087FC30 /* Base */ = {isa = PBXFileReference; lastKnownFileType = file.storyboard; name = Base; path = Base.lproj/Main.storyboard; sourceTree = "<group>"; };
		9B69B3511E0943FD0087FC30 /* Assets.xcassets */ = {isa = PBXFileReference; lastKnownFileType = folder.assetcatalog; path = Assets.xcassets; sourceTree = "<group>"; };
		9B69B3541E0943FD0087FC30 /* Base */ = {isa = PBXFileReference; lastKnownFileType = file.storyboard; name = Base; path = Base.lproj/LaunchScreen.storyboard; sourceTree = "<group>"; };
		9B69B3561E0943FD0087FC30 /* Info.plist */ = {isa = PBXFileReference; lastKnownFileType = text.plist.xml; path = Info.plist; sourceTree = "<group>"; };
		9B69B3611E0944700087FC30 /* PasscodeLabel.swift */ = {isa = PBXFileReference; fileEncoding = 4; lastKnownFileType = sourcecode.swift; path = PasscodeLabel.swift; sourceTree = "<group>"; };
		9B69B3621E0944700087FC30 /* PasscodeView.swift */ = {isa = PBXFileReference; fileEncoding = 4; lastKnownFileType = sourcecode.swift; path = PasscodeView.swift; sourceTree = "<group>"; };
/* End PBXFileReference section */

/* Begin PBXFrameworksBuildPhase section */
		9B69B3441E0943FD0087FC30 /* Frameworks */ = {
			isa = PBXFrameworksBuildPhase;
			buildActionMask = 2147483647;
			files = (
			);
			runOnlyForDeploymentPostprocessing = 0;
		};
/* End PBXFrameworksBuildPhase section */

/* Begin PBXGroup section */
		9B69B33E1E0943FD0087FC30 = {
			isa = PBXGroup;
			children = (
				9B69B3491E0943FD0087FC30 /* PasscodeView */,
				9B69B3481E0943FD0087FC30 /* Products */,
			);
			sourceTree = "<group>";
		};
		9B69B3481E0943FD0087FC30 /* Products */ = {
			isa = PBXGroup;
			children = (
				9B69B3471E0943FD0087FC30 /* PasscodeView.app */,
			);
			name = Products;
			sourceTree = "<group>";
		};
		9B69B3491E0943FD0087FC30 /* PasscodeView */ = {
			isa = PBXGroup;
			children = (
				9B69B3601E0944700087FC30 /* PasscodeView */,
				9B69B34A1E0943FD0087FC30 /* AppDelegate.swift */,
				9B69B34C1E0943FD0087FC30 /* ViewController.swift */,
				9B69B34E1E0943FD0087FC30 /* Main.storyboard */,
				9B69B3511E0943FD0087FC30 /* Assets.xcassets */,
				9B69B3531E0943FD0087FC30 /* LaunchScreen.storyboard */,
				9B69B3561E0943FD0087FC30 /* Info.plist */,
			);
			path = PasscodeView;
			sourceTree = "<group>";
		};
		9B69B3601E0944700087FC30 /* PasscodeView */ = {
			isa = PBXGroup;
			children = (
				9B69B3611E0944700087FC30 /* PasscodeLabel.swift */,
				9B69B3621E0944700087FC30 /* PasscodeView.swift */,
			);
			path = PasscodeView;
			sourceTree = "<group>";
		};
/* End PBXGroup section */

/* Begin PBXNativeTarget section */
		9B69B3461E0943FD0087FC30 /* PasscodeView */ = {
			isa = PBXNativeTarget;
			buildConfigurationList = 9B69B3591E0943FD0087FC30 /* Build configuration list for PBXNativeTarget "PasscodeView" */;
			buildPhases = (
				9B69B3431E0943FD0087FC30 /* Sources */,
				9B69B3441E0943FD0087FC30 /* Frameworks */,
				9B69B3451E0943FD0087FC30 /* Resources */,
			);
			buildRules = (
			);
			dependencies = (
			);
			name = PasscodeView;
			productName = PasscodeView;
			productReference = 9B69B3471E0943FD0087FC30 /* PasscodeView.app */;
			productType = "com.apple.product-type.application";
		};
/* End PBXNativeTarget section */

/* Begin PBXProject section */
		9B69B33F1E0943FD0087FC30 /* Project object */ = {
			isa = PBXProject;
			attributes = {
				LastSwiftUpdateCheck = 0820;
				LastUpgradeCheck = 0820;
				ORGANIZATIONNAME = "Amol Jagtap";
				TargetAttributes = {
					9B69B3461E0943FD0087FC30 = {
						CreatedOnToolsVersion = 8.2;
						DevelopmentTeam = EXZ23978JX;
						ProvisioningStyle = Automatic;
					};
				};
			};
			buildConfigurationList = 9B69B3421E0943FD0087FC30 /* Build configuration list for PBXProject "PasscodeView" */;
			compatibilityVersion = "Xcode 3.2";
			developmentRegion = English;
			hasScannedForEncodings = 0;
			knownRegions = (
				en,
				Base,
			);
			mainGroup = 9B69B33E1E0943FD0087FC30;
			productRefGroup = 9B69B3481E0943FD0087FC30 /* Products */;
			projectDirPath = "";
			projectRoot = "";
			targets = (
				9B69B3461E0943FD0087FC30 /* PasscodeView */,
			);
		};
/* End PBXProject section */

/* Begin PBXResourcesBuildPhase section */
		9B69B3451E0943FD0087FC30 /* Resources */ = {
			isa = PBXResourcesBuildPhase;
			buildActionMask = 2147483647;
			files = (
				9B69B3551E0943FD0087FC30 /* LaunchScreen.storyboard in Resources */,
				9B69B3521E0943FD0087FC30 /* Assets.xcassets in Resources */,
				9B69B3501E0943FD0087FC30 /* Main.storyboard in Resources */,
			);
			runOnlyForDeploymentPostprocessing = 0;
		};
/* End PBXResourcesBuildPhase section */

/* Begin PBXSourcesBuildPhase section */
		9B69B3431E0943FD0087FC30 /* Sources */ = {
			isa = PBXSourcesBuildPhase;
			buildActionMask = 2147483647;
			files = (
				9B69B34D1E0943FD0087FC30 /* ViewController.swift in Sources */,
				9B69B3631E0944700087FC30 /* PasscodeLabel.swift in Sources */,
				9B69B3641E0944700087FC30 /* PasscodeView.swift in Sources */,
				9B69B34B1E0943FD0087FC30 /* AppDelegate.swift in Sources */,
			);
			runOnlyForDeploymentPostprocessing = 0;
		};
/* End PBXSourcesBuildPhase section */

/* Begin PBXVariantGroup section */
		9B69B34E1E0943FD0087FC30 /* Main.storyboard */ = {
			isa = PBXVariantGroup;
			children = (
				9B69B34F1E0943FD0087FC30 /* Base */,
			);
			name = Main.storyboard;
			sourceTree = "<group>";
		};
		9B69B3531E0943FD0087FC30 /* LaunchScreen.storyboard */ = {
			isa = PBXVariantGroup;
			children = (
				9B69B3541E0943FD0087FC30 /* Base */,
			);
			name = LaunchScreen.storyboard;
			sourceTree = "<group>";
		};
/* End PBXVariantGroup section */

/* Begin XCBuildConfiguration section */
		9B69B3571E0943FD0087FC30 /* Debug */ = {
			isa = XCBuildConfiguration;
			buildSettings = {
				ALWAYS_SEARCH_USER_PATHS = NO;
				CLANG_ANALYZER_NONNULL = YES;
				CLANG_CXX_LANGUAGE_STANDARD = "gnu++0x";
				CLANG_CXX_LIBRARY = "libc++";
				CLANG_ENABLE_MODULES = YES;
				CLANG_ENABLE_OBJC_ARC = YES;
				CLANG_WARN_BOOL_CONVERSION = YES;
				CLANG_WARN_CONSTANT_CONVERSION = YES;
				CLANG_WARN_DIRECT_OBJC_ISA_USAGE = YES_ERROR;
				CLANG_WARN_DOCUMENTATION_COMMENTS = YES;
				CLANG_WARN_EMPTY_BODY = YES;
				CLANG_WARN_ENUM_CONVERSION = YES;
				CLANG_WARN_INFINITE_RECURSION = YES;
				CLANG_WARN_INT_CONVERSION = YES;
				CLANG_WARN_OBJC_ROOT_CLASS = YES_ERROR;
				CLANG_WARN_SUSPICIOUS_MOVE = YES;
				CLANG_WARN_UNREACHABLE_CODE = YES;
				CLANG_WARN__DUPLICATE_METHOD_MATCH = YES;
				"CODE_SIGN_IDENTITY[sdk=iphoneos*]" = "iPhone Developer";
				COPY_PHASE_STRIP = NO;
				DEBUG_INFORMATION_FORMAT = dwarf;
				ENABLE_STRICT_OBJC_MSGSEND = YES;
				ENABLE_TESTABILITY = YES;
				GCC_C_LANGUAGE_STANDARD = gnu99;
				GCC_DYNAMIC_NO_PIC = NO;
				GCC_NO_COMMON_BLOCKS = YES;
				GCC_OPTIMIZATION_LEVEL = 0;
				GCC_PREPROCESSOR_DEFINITIONS = (
					"DEBUG=1",
					"$(inherited)",
				);
				GCC_WARN_64_TO_32_BIT_CONVERSION = YES;
				GCC_WARN_ABOUT_RETURN_TYPE = YES_ERROR;
				GCC_WARN_UNDECLARED_SELECTOR = YES;
				GCC_WARN_UNINITIALIZED_AUTOS = YES_AGGRESSIVE;
				GCC_WARN_UNUSED_FUNCTION = YES;
				GCC_WARN_UNUSED_VARIABLE = YES;
				IPHONEOS_DEPLOYMENT_TARGET = 10.2;
				MTL_ENABLE_DEBUG_INFO = YES;
				ONLY_ACTIVE_ARCH = YES;
				SDKROOT = iphoneos;
				SWIFT_ACTIVE_COMPILATION_CONDITIONS = DEBUG;
				SWIFT_OPTIMIZATION_LEVEL = "-Onone";
				TARGETED_DEVICE_FAMILY = "1,2";
			};
			name = Debug;
		};
		9B69B3581E0943FD0087FC30 /* Release */ = {
			isa = XCBuildConfiguration;
			buildSettings = {
				ALWAYS_SEARCH_USER_PATHS = NO;
				CLANG_ANALYZER_NONNULL = YES;
				CLANG_CXX_LANGUAGE_STANDARD = "gnu++0x";
				CLANG_CXX_LIBRARY = "libc++";
				CLANG_ENABLE_MODULES = YES;
				CLANG_ENABLE_OBJC_ARC = YES;
				CLANG_WARN_BOOL_CONVERSION = YES;
				CLANG_WARN_CONSTANT_CONVERSION = YES;
				CLANG_WARN_DIRECT_OBJC_ISA_USAGE = YES_ERROR;
				CLANG_WARN_DOCUMENTATION_COMMENTS = YES;
				CLANG_WARN_EMPTY_BODY = YES;
				CLANG_WARN_ENUM_CONVERSION = YES;
				CLANG_WARN_INFINITE_RECURSION = YES;
				CLANG_WARN_INT_CONVERSION = YES;
				CLANG_WARN_OBJC_ROOT_CLASS = YES_ERROR;
				CLANG_WARN_SUSPICIOUS_MOVE = YES;
				CLANG_WARN_UNREACHABLE_CODE = YES;
				CLANG_WARN__DUPLICATE_METHOD_MATCH = YES;
				"CODE_SIGN_IDENTITY[sdk=iphoneos*]" = "iPhone Developer";
				COPY_PHASE_STRIP = NO;
				DEBUG_INFORMATION_FORMAT = "dwarf-with-dsym";
				ENABLE_NS_ASSERTIONS = NO;
				ENABLE_STRICT_OBJC_MSGSEND = YES;
				GCC_C_LANGUAGE_STANDARD = gnu99;
				GCC_NO_COMMON_BLOCKS = YES;
				GCC_WARN_64_TO_32_BIT_CONVERSION = YES;
				GCC_WARN_ABOUT_RETURN_TYPE = YES_ERROR;
				GCC_WARN_UNDECLARED_SELECTOR = YES;
				GCC_WARN_UNINITIALIZED_AUTOS = YES_AGGRESSIVE;
				GCC_WARN_UNUSED_FUNCTION = YES;
				GCC_WARN_UNUSED_VARIABLE = YES;
				IPHONEOS_DEPLOYMENT_TARGET = 10.2;
				MTL_ENABLE_DEBUG_INFO = NO;
				SDKROOT = iphoneos;
				SWIFT_OPTIMIZATION_LEVEL = "-Owholemodule";
				TARGETED_DEVICE_FAMILY = "1,2";
				VALIDATE_PRODUCT = YES;
			};
			name = Release;
		};
		9B69B35A1E0943FD0087FC30 /* Debug */ = {
			isa = XCBuildConfiguration;
			buildSettings = {
				ASSETCATALOG_COMPILER_APPICON_NAME = AppIcon;
				DEVELOPMENT_TEAM = EXZ23978JX;
				INFOPLIST_FILE = PasscodeView/Info.plist;
				LD_RUNPATH_SEARCH_PATHS = "$(inherited) @executable_path/Frameworks";
				PRODUCT_BUNDLE_IDENTIFIER = com.amol.PasscodeView;
				PRODUCT_NAME = "$(TARGET_NAME)";
				SWIFT_VERSION = 3.0;
			};
			name = Debug;
		};
		9B69B35B1E0943FD0087FC30 /* Release */ = {
			isa = XCBuildConfiguration;
			buildSettings = {
				ASSETCATALOG_COMPILER_APPICON_NAME = AppIcon;
				DEVELOPMENT_TEAM = EXZ23978JX;
				INFOPLIST_FILE = PasscodeView/Info.plist;
				LD_RUNPATH_SEARCH_PATHS = "$(inherited) @executable_path/Frameworks";
				PRODUCT_BUNDLE_IDENTIFIER = com.amol.PasscodeView;
				PRODUCT_NAME = "$(TARGET_NAME)";
				SWIFT_VERSION = 3.0;
			};
			name = Release;
		};
/* End XCBuildConfiguration section */

/* Begin XCConfigurationList section */
		9B69B3421E0943FD0087FC30 /* Build configuration list for PBXProject "PasscodeView" */ = {
			isa = XCConfigurationList;
			buildConfigurations = (
				9B69B3571E0943FD0087FC30 /* Debug */,
				9B69B3581E0943FD0087FC30 /* Release */,
			);
			defaultConfigurationIsVisible = 0;
			defaultConfigurationName = Release;
		};
		9B69B3591E0943FD0087FC30 /* Build configuration list for PBXNativeTarget "PasscodeView" */ = {
			isa = XCConfigurationList;
			buildConfigurations = (
				9B69B35A1E0943FD0087FC30 /* Debug */,
				9B69B35B1E0943FD0087FC30 /* Release */,
			);
			defaultConfigurationIsVisible = 0;
			defaultConfigurationName = Release;
		};
/* End XCConfigurationList section */
	};
	rootObject = 9B69B33F1E0943FD0087FC30 /* Project object */;
}
